
Microsoft Visual Studio Solution File, Format Version 12.00
# Visual Studio Version 17
VisualStudioVersion = 17.11.35219.272
MinimumVisualStudioVersion = 10.0.40219.1
Project("{FAE04EC0-301F-11D3-BF4B-00C04F79EFBC}") = "ProdutoApp", "ProdutoApp\ProdutoApp.csproj", "{FAF428DC-20B8-44C7-95E3-13E9843DB1F1}"
EndProject
Global
	GlobalSection(SolutionConfigurationPlatforms) = preSolution
		Debug|Any CPU = Debug|Any CPU
		Release|Any CPU = Release|Any CPU
	EndGlobalSection
	GlobalSection(ProjectConfigurationPlatforms) = postSolution
		{FAF428DC-20B8-44C7-95E3-13E9843DB1F1}.Debug|Any CPU.ActiveCfg = Debug|Any CPU
		{FAF428DC-20B8-44C7-95E3-13E9843DB1F1}.Debug|Any CPU.Build.0 = Debug|Any CPU
		{FAF428DC-20B8-44C7-95E3-13E9843DB1F1}.Debug|Any CPU.Deploy.0 = Debug|Any CPU
		{FAF428DC-20B8-44C7-95E3-13E9843DB1F1}.Release|Any CPU.ActiveCfg = Release|Any CPU
		{FAF428DC-20B8-44C7-95E3-13E9843DB1F1}.Release|Any CPU.Build.0 = Release|Any CPU
		{FAF428DC-20B8-44C7-95E3-13E9843DB1F1}.Release|Any CPU.Deploy.0 = Release|Any CPU
	EndGlobalSection
	GlobalSection(SolutionProperties) = preSolution
		HideSolutionNode = FALSE
	EndGlobalSection
	GlobalSection(ExtensibilityGlobals) = postSolution
		SolutionGuid = {21709E8D-90A5-40A7-9409-23AA56CDDF9C}
	EndGlobalSection
EndGlobal
